{"1.2.0",
[{<<"brod">>,{pkg,<<"brod">>,<<"4.1.0">>},0},
 {<<"crc32cer">>,{pkg,<<"crc32cer">>,<<"0.1.8">>},1},
 {<<"jsone">>,{pkg,<<"jsone">>,<<"1.8.1">>},0},
 {<<"kafka_protocol">>,{pkg,<<"kafka_protocol">>,<<"4.1.8">>},0}]}.
[
{pkg_hash,[
 {<<"brod">>, <<"88141FDAB3DB47E0BEA4325760FF886F3DB0339052899C2B1A86EDE353C7CD19">>},
 {<<"crc32cer">>, <<"C6C2275C5FB60A95F4935D414F30B50EE9CFED494081C9B36EBB02EDFC2F48DB">>},
 {<<"jsone">>, <<"6BC74D3863D55D420077346DA97C601711017A057F2FD1DF65D6D65DD562FBAB">>},
 {<<"kafka_protocol">>, <<"B09C55ADA62C6251D85B9223C7BD30E3264DFE393302618ABE417256C0145167">>}]},
{pkg_hash_ext,[
 {<<"brod">>, <<"389F459B1D59662C1ACDD9C39D54DDBD45645B4AC619F3BC6F467FCFBF7FB413">>},
 {<<"crc32cer">>, <<"251499085482920DEB6C9B7AADABF9FB4C432F96ADD97AB42AEE4501E5B6F591">>},
 {<<"jsone">>, <<"C78918124148C51A7A84C678E39BBC6281F8CB582F1D88584628A98468E99738">>},
 {<<"kafka_protocol">>, <<"CADFD5AE8995F1AC7823E0B565491975EF205D94DBF759F0E54A3FFE90044180">>}]}
].
